// !$*UTF8*$!
{
	archiveVersion = 1;
	classes = {
	};
	objectVersion = 46;
	objects = {

/* Begin PBXBuildFile section */
		11488AE41A02D1BB00BBB1D6 /* AppDelegate.swift in Sources */ = {isa = PBXBuildFile; fileRef = 11488AE31A02D1BB00BBB1D6 /* AppDelegate.swift */; };
		11488AE61A02D1BB00BBB1D6 /* ViewController.swift in Sources */ = {isa = PBXBuildFile; fileRef = 11488AE51A02D1BB00BBB1D6 /* ViewController.swift */; };
		11488AE91A02D1BB00BBB1D6 /* Main.storyboard in Resources */ = {isa = PBXBuildFile; fileRef = 11488AE71A02D1BB00BBB1D6 /* Main.storyboard */; };
		11488AEB1A02D1BB00BBB1D6 /* Images.xcassets in Resources */ = {isa = PBXBuildFile; fileRef = 11488AEA1A02D1BB00BBB1D6 /* Images.xcassets */; };
		11488AEE1A02D1BB00BBB1D6 /* LaunchScreen.xib in Resources */ = {isa = PBXBuildFile; fileRef = 11488AEC1A02D1BB00BBB1D6 /* LaunchScreen.xib */; };
		11488AFA1A02D1BB00BBB1D6 /* PostcardTests.swift in Sources */ = {isa = PBXBuildFile; fileRef = 11488AF91A02D1BB00BBB1D6 /* PostcardTests.swift */; };
/* End PBXBuildFile section */

/* Begin PBXContainerItemProxy section */
		11488AF41A02D1BB00BBB1D6 /* PBXContainerItemProxy */ = {
			isa = PBXContainerItemProxy;
			containerPortal = 11488AD61A02D1BB00BBB1D6 /* Project object */;
			proxyType = 1;
			remoteGlobalIDString = 11488ADD1A02D1BB00BBB1D6;
			remoteInfo = Postcard;
		};
/* End PBXContainerItemProxy section */

/* Begin PBXFileReference section */
		11488ADE1A02D1BB00BBB1D6 /* Postcard.app */ = {isa = PBXFileReference; explicitFileType = wrapper.application; includeInIndex = 0; path = Postcard.app; sourceTree = BUILT_PRODUCTS_DIR; };
		11488AE21A02D1BB00BBB1D6 /* Info.plist */ = {isa = PBXFileReference; lastKnownFileType = text.plist.xml; path = Info.plist; sourceTree = "<group>"; };
		11488AE31A02D1BB00BBB1D6 /* AppDelegate.swift */ = {isa = PBXFileReference; lastKnownFileType = sourcecode.swift; path = AppDelegate.swift; sourceTree = "<group>"; };
		11488AE51A02D1BB00BBB1D6 /* ViewController.swift */ = {isa = PBXFileReference; lastKnownFileType = sourcecode.swift; path = ViewController.swift; sourceTree = "<group>"; };
		11488AE81A02D1BB00BBB1D6 /* Base */ = {isa = PBXFileReference; lastKnownFileType = file.storyboard; name = Base; path = Base.lproj/Main.storyboard; sourceTree = "<group>"; };
		11488AEA1A02D1BB00BBB1D6 /* Images.xcassets */ = {isa = PBXFileReference; lastKnownFileType = folder.assetcatalog; path = Images.xcassets; sourceTree = "<group>"; };
		11488AED1A02D1BB00BBB1D6 /* Base */ = {isa = PBXFileReference; lastKnownFileType = file.xib; name = Base; path = Base.lproj/LaunchScreen.xib; sourceTree = "<group>"; };
		11488AF31A02D1BB00BBB1D6 /* PostcardTests.xctest */ = {isa = PBXFileReference; explicitFileType = wrapper.cfbundle; includeInIndex = 0; path = PostcardTests.xctest; sourceTree = BUILT_PRODUCTS_DIR; };
		11488AF81A02D1BB00BBB1D6 /* Info.plist */ = {isa = PBXFileReference; lastKnownFileType = text.plist.xml; path = Info.plist; sourceTree = "<group>"; };
		11488AF91A02D1BB00BBB1D6 /* PostcardTests.swift */ = {isa = PBXFileReference; lastKnownFileType = sourcecode.swift; path = PostcardTests.swift; sourceTree = "<group>"; };
/* End PBXFileReference section */

/* Begin PBXFrameworksBuildPhase section */
		11488ADB1A02D1BB00BBB1D6 /* Frameworks */ = {
			isa = PBXFrameworksBuildPhase;
			buildActionMask = 2147483647;
			files = (
			);
			runOnlyForDeploymentPostprocessing = 0;
		};
		11488AF01A02D1BB00BBB1D6 /* Frameworks */ = {
			isa = PBXFrameworksBuildPhase;
			buildActionMask = 2147483647;
			files = (
			);
			runOnlyForDeploymentPostprocessing = 0;
		};
/* End PBXFrameworksBuildPhase section */

/* Begin PBXGroup section */
		11488AD51A02D1BB00BBB1D6 = {
			isa = PBXGroup;
			children = (
				11488AE01A02D1BB00BBB1D6 /* Postcard */,
				11488AF61A02D1BB00BBB1D6 /* PostcardTests */,
				11488ADF1A02D1BB00BBB1D6 /* Products */,
			);
			sourceTree = "<group>";
		};
		11488ADF1A02D1BB00BBB1D6 /* Products */ = {
			isa = PBXGroup;
			children = (
				11488ADE1A02D1BB00BBB1D6 /* Postcard.app */,
				11488AF31A02D1BB00BBB1D6 /* PostcardTests.xctest */,
			);
			name = Products;
			sourceTree = "<group>";
		};
		11488AE01A02D1BB00BBB1D6 /* Postcard */ = {
			isa = PBXGroup;
			children = (
				11488AE31A02D1BB00BBB1D6 /* AppDelegate.swift */,
				11488AE51A02D1BB00BBB1D6 /* ViewController.swift */,
				11488AE71A02D1BB00BBB1D6 /* Main.storyboard */,
				11488AEA1A02D1BB00BBB1D6 /* Images.xcassets */,
				11488AEC1A02D1BB00BBB1D6 /* LaunchScreen.xib */,
				11488AE11A02D1BB00BBB1D6 /* Supporting Files */,
			);
			path = Postcard;
			sourceTree = "<group>";
		};
		11488AE11A02D1BB00BBB1D6 /* Supporting Files */ = {
			isa = PBXGroup;
			children = (
				11488AE21A02D1BB00BBB1D6 /* Info.plist */,
			);
			name = "Supporting Files";
			sourceTree = "<group>";
		};
		11488AF61A02D1BB00BBB1D6 /* PostcardTests */ = {
			isa = PBXGroup;
			children = (
				11488AF91A02D1BB00BBB1D6 /* PostcardTests.swift */,
				11488AF71A02D1BB00BBB1D6 /* Supporting Files */,
			);
			path = PostcardTests;
			sourceTree = "<group>";
		};
		11488AF71A02D1BB00BBB1D6 /* Supporting Files */ = {
			isa = PBXGroup;
			children = (
				11488AF81A02D1BB00BBB1D6 /* Info.plist */,
			);
			name = "Supporting Files";
			sourceTree = "<group>";
		};
/* End PBXGroup section */

/* Begin PBXNativeTarget section */
		11488ADD1A02D1BB00BBB1D6 /* Postcard */ = {
			isa = PBXNativeTarget;
			buildConfigurationList = 11488AFD1A02D1BB00BBB1D6 /* Build configuration list for PBXNativeTarget "Postcard" */;
			buildPhases = (
				11488ADA1A02D1BB00BBB1D6 /* Sources */,
				11488ADB1A02D1BB00BBB1D6 /* Frameworks */,
				11488ADC1A02D1BB00BBB1D6 /* Resources */,
			);
			buildRules = (
			);
			dependencies = (
			);
			name = Postcard;
			productName = Postcard;
			productReference = 11488ADE1A02D1BB00BBB1D6 /* Postcard.app */;
			productType = "com.apple.product-type.application";
		};
		11488AF21A02D1BB00BBB1D6 /* PostcardTests */ = {
			isa = PBXNativeTarget;
			buildConfigurationList = 11488B001A02D1BB00BBB1D6 /* Build configuration list for PBXNativeTarget "PostcardTests" */;
			buildPhases = (
				11488AEF1A02D1BB00BBB1D6 /* Sources */,
				11488AF01A02D1BB00BBB1D6 /* Frameworks */,
				11488AF11A02D1BB00BBB1D6 /* Resources */,
			);
			buildRules = (
			);
			dependencies = (
				11488AF51A02D1BB00BBB1D6 /* PBXTargetDependency */,
			);
			name = PostcardTests;
			productName = PostcardTests;
			productReference = 11488AF31A02D1BB00BBB1D6 /* PostcardTests.xctest */;
			productType = "com.apple.product-type.bundle.unit-test";
		};
/* End PBXNativeTarget section */

/* Begin PBXProject section */
		11488AD61A02D1BB00BBB1D6 /* Project object */ = {
			isa = PBXProject;
			attributes = {
				LastUpgradeCheck = 0610;
				ORGANIZATIONNAME = john_horneman;
				TargetAttributes = {
					11488ADD1A02D1BB00BBB1D6 = {
						CreatedOnToolsVersion = 6.1;
					};
					11488AF21A02D1BB00BBB1D6 = {
						CreatedOnToolsVersion = 6.1;
						TestTargetID = 11488ADD1A02D1BB00BBB1D6;
					};
				};
			};
			buildConfigurationList = 11488AD91A02D1BB00BBB1D6 /* Build configuration list for PBXProject "Postcard" */;
			compatibilityVersion = "Xcode 3.2";
			developmentRegion = English;
			hasScannedForEncodings = 0;
			knownRegions = (
				en,
				Base,
			);
			mainGroup = 11488AD51A02D1BB00BBB1D6;
			productRefGroup = 11488ADF1A02D1BB00BBB1D6 /* Products */;
			projectDirPath = "";
			projectRoot = "";
			targets = (
				11488ADD1A02D1BB00BBB1D6 /* Postcard */,
				11488AF21A02D1BB00BBB1D6 /* PostcardTests */,
			);
		};
/* End PBXProject section */

/* Begin PBXResourcesBuildPhase section */
		11488ADC1A02D1BB00BBB1D6 /* Resources */ = {
			isa = PBXResourcesBuildPhase;
			buildActionMask = 2147483647;
			files = (
				11488AE91A02D1BB00BBB1D6 /* Main.storyboard in Resources */,
				11488AEE1A02D1BB00BBB1D6 /* LaunchScreen.xib in Resources */,
				11488AEB1A02D1BB00BBB1D6 /* Images.xcassets in Resources */,
			);
			runOnlyForDeploymentPostprocessing = 0;
		};
		11488AF11A02D1BB00BBB1D6 /* Resources */ = {
			isa = PBXResourcesBuildPhase;
			buildActionMask = 2147483647;
			files = (
			);
			runOnlyForDeploymentPostprocessing = 0;
		};
/* End PBXResourcesBuildPhase section */

/* Begin PBXSourcesBuildPhase section */
		11488ADA1A02D1BB00BBB1D6 /* Sources */ = {
			isa = PBXSourcesBuildPhase;
			buildActionMask = 2147483647;
			files = (
				11488AE61A02D1BB00BBB1D6 /* ViewController.swift in Sources */,
				11488AE41A02D1BB00BBB1D6 /* AppDelegate.swift in Sources */,
			);
			runOnlyForDeploymentPostprocessing = 0;
		};
		11488AEF1A02D1BB00BBB1D6 /* Sources */ = {
			isa = PBXSourcesBuildPhase;
			buildActionMask = 2147483647;
			files = (
				11488AFA1A02D1BB00BBB1D6 /* PostcardTests.swift in Sources */,
			);
			runOnlyForDeploymentPostprocessing = 0;
		};
/* End PBXSourcesBuildPhase section */

/* Begin PBXTargetDependency section */
		11488AF51A02D1BB00BBB1D6 /* PBXTargetDependency */ = {
			isa = PBXTargetDependency;
			target = 11488ADD1A02D1BB00BBB1D6 /* Postcard */;
			targetProxy = 11488AF41A02D1BB00BBB1D6 /* PBXContainerItemProxy */;
		};
/* End PBXTargetDependency section */

/* Begin PBXVariantGroup section */
		11488AE71A02D1BB00BBB1D6 /* Main.storyboard */ = {
			isa = PBXVariantGroup;
			children = (
				11488AE81A02D1BB00BBB1D6 /* Base */,
			);
			name = Main.storyboard;
			sourceTree = "<group>";
		};
		11488AEC1A02D1BB00BBB1D6 /* LaunchScreen.xib */ = {
			isa = PBXVariantGroup;
			children = (
				11488AED1A02D1BB00BBB1D6 /* Base */,
			);
			name = LaunchScreen.xib;
			sourceTree = "<group>";
		};
/* End PBXVariantGroup section */

/* Begin XCBuildConfiguration section */
		11488AFB1A02D1BB00BBB1D6 /* Debug */ = {
			isa = XCBuildConfiguration;
			buildSettings = {
				ALWAYS_SEARCH_USER_PATHS = NO;
				CLANG_CXX_LANGUAGE_STANDARD = "gnu++0x";
				CLANG_CXX_LIBRARY = "libc++";
				CLANG_ENABLE_MODULES = YES;
				CLANG_ENABLE_OBJC_ARC = YES;
				CLANG_WARN_BOOL_CONVERSION = YES;
				CLANG_WARN_CONSTANT_CONVERSION = YES;
				CLANG_WARN_DIRECT_OBJC_ISA_USAGE = YES_ERROR;
				CLANG_WARN_EMPTY_BODY = YES;
				CLANG_WARN_ENUM_CONVERSION = YES;
				CLANG_WARN_INT_CONVERSION = YES;
				CLANG_WARN_OBJC_ROOT_CLASS = YES_ERROR;
				CLANG_WARN_UNREACHABLE_CODE = YES;
				CLANG_WARN__DUPLICATE_METHOD_MATCH = YES;
				"CODE_SIGN_IDENTITY[sdk=iphoneos*]" = "iPhone Developer";
				COPY_PHASE_STRIP = NO;
				ENABLE_STRICT_OBJC_MSGSEND = YES;
				GCC_C_LANGUAGE_STANDARD = gnu99;
				GCC_DYNAMIC_NO_PIC = NO;
				GCC_OPTIMIZATION_LEVEL = 0;
				GCC_PREPROCESSOR_DEFINITIONS = (
					"DEBUG=1",
					"$(inherited)",
				);
				GCC_SYMBOLS_PRIVATE_EXTERN = NO;
				GCC_WARN_64_TO_32_BIT_CONVERSION = YES;
				GCC_WARN_ABOUT_RETURN_TYPE = YES_ERROR;
				GCC_WARN_UNDECLARED_SELECTOR = YES;
				GCC_WARN_UNINITIALIZED_AUTOS = YES_AGGRESSIVE;
				GCC_WARN_UNUSED_FUNCTION = YES;
				GCC_WARN_UNUSED_VARIABLE = YES;
				IPHONEOS_DEPLOYMENT_TARGET = 8.1;
				MTL_ENABLE_DEBUG_INFO = YES;
				ONLY_ACTIVE_ARCH = YES;
				SDKROOT = iphoneos;
				SWIFT_OPTIMIZATION_LEVEL = "-Onone";
				TARGETED_DEVICE_FAMILY = "1,2";
			};
			name = Debug;
		};
		11488AFC1A02D1BB00BBB1D6 /* Release */ = {
			isa = XCBuildConfiguration;
			buildSettings = {
				ALWAYS_SEARCH_USER_PATHS = NO;
				CLANG_CXX_LANGUAGE_STANDARD = "gnu++0x";
				CLANG_CXX_LIBRARY = "libc++";
				CLANG_ENABLE_MODULES = YES;
				CLANG_ENABLE_OBJC_ARC = YES;
				CLANG_WARN_BOOL_CONVERSION = YES;
				CLANG_WARN_CONSTANT_CONVERSION = YES;
				CLANG_WARN_DIRECT_OBJC_ISA_USAGE = YES_ERROR;
				CLANG_WARN_EMPTY_BODY = YES;
				CLANG_WARN_ENUM_CONVERSION = YES;
				CLANG_WARN_INT_CONVERSION = YES;
				CLANG_WARN_OBJC_ROOT_CLASS = YES_ERROR;
				CLANG_WARN_UNREACHABLE_CODE = YES;
				CLANG_WARN__DUPLICATE_METHOD_MATCH = YES;
				"CODE_SIGN_IDENTITY[sdk=iphoneos*]" = "iPhone Developer";
				COPY_PHASE_STRIP = YES;
				ENABLE_NS_ASSERTIONS = NO;
				ENABLE_STRICT_OBJC_MSGSEND = YES;
				GCC_C_LANGUAGE_STANDARD = gnu99;
				GCC_WARN_64_TO_32_BIT_CONVERSION = YES;
				GCC_WARN_ABOUT_RETURN_TYPE = YES_ERROR;
				GCC_WARN_UNDECLARED_SELECTOR = YES;
				GCC_WARN_UNINITIALIZED_AUTOS = YES_AGGRESSIVE;
				GCC_WARN_UNUSED_FUNCTION = YES;
				GCC_WARN_UNUSED_VARIABLE = YES;
				IPHONEOS_DEPLOYMENT_TARGET = 8.1;
				MTL_ENABLE_DEBUG_INFO = NO;
				SDKROOT = iphoneos;
				TARGETED_DEVICE_FAMILY = "1,2";
				VALIDATE_PRODUCT = YES;
			};
			name = Release;
		};
		11488AFE1A02D1BB00BBB1D6 /* Debug */ = {
			isa = XCBuildConfiguration;
			buildSettings = {
				ASSETCATALOG_COMPILER_APPICON_NAME = AppIcon;
				INFOPLIST_FILE = Postcard/Info.plist;
				LD_RUNPATH_SEARCH_PATHS = "$(inherited) @executable_path/Frameworks";
				PRODUCT_NAME = "$(TARGET_NAME)";
			};
			name = Debug;
		};
		11488AFF1A02D1BB00BBB1D6 /* Release */ = {
			isa = XCBuildConfiguration;
			buildSettings = {
				ASSETCATALOG_COMPILER_APPICON_NAME = AppIcon;
				INFOPLIST_FILE = Postcard/Info.plist;
				LD_RUNPATH_SEARCH_PATHS = "$(inherited) @executable_path/Frameworks";
				PRODUCT_NAME = "$(TARGET_NAME)";
			};
			name = Release;
		};
		11488B011A02D1BB00BBB1D6 /* Debug */ = {
			isa = XCBuildConfiguration;
			buildSettings = {
				BUNDLE_LOADER = "$(TEST_HOST)";
				FRAMEWORK_SEARCH_PATHS = (
					"$(SDKROOT)/Developer/Library/Frameworks",
					"$(inherited)",
				);
				GCC_PREPROCESSOR_DEFINITIONS = (
					"DEBUG=1",
					"$(inherited)",
				);
				INFOPLIST_FILE = PostcardTests/Info.plist;
				LD_RUNPATH_SEARCH_PATHS = "$(inherited) @executable_path/Frameworks @loader_path/Frameworks";
				PRODUCT_NAME = "$(TARGET_NAME)";
				TEST_HOST = "$(BUILT_PRODUCTS_DIR)/Postcard.app/Postcard";
			};
			name = Debug;
		};
		11488B021A02D1BB00BBB1D6 /* Release */ = {
			isa = XCBuildConfiguration;
			buildSettings = {
				BUNDLE_LOADER = "$(TEST_HOST)";
				FRAMEWORK_SEARCH_PATHS = (
					"$(SDKROOT)/Developer/Library/Frameworks",
					"$(inherited)",
				);
				INFOPLIST_FILE = PostcardTests/Info.plist;
				LD_RUNPATH_SEARCH_PATHS = "$(inherited) @executable_path/Frameworks @loader_path/Frameworks";
				PRODUCT_NAME = "$(TARGET_NAME)";
				TEST_HOST = "$(BUILT_PRODUCTS_DIR)/Postcard.app/Postcard";
			};
			name = Release;
		};
/* End XCBuildConfiguration section */

/* Begin XCConfigurationList section */
		11488AD91A02D1BB00BBB1D6 /* Build configuration list for PBXProject "Postcard" */ = {
			isa = XCConfigurationList;
			buildConfigurations = (
				11488AFB1A02D1BB00BBB1D6 /* Debug */,
				11488AFC1A02D1BB00BBB1D6 /* Release */,
			);
			defaultConfigurationIsVisible = 0;
			defaultConfigurationName = Release;
		};
		11488AFD1A02D1BB00BBB1D6 /* Build configuration list for PBXNativeTarget "Postcard" */ = {
			isa = XCConfigurationList;
			buildConfigurations = (
				11488AFE1A02D1BB00BBB1D6 /* Debug */,
				11488AFF1A02D1BB00BBB1D6 /* Release */,
			);
			defaultConfigurationIsVisible = 0;
		};
		11488B001A02D1BB00BBB1D6 /* Build configuration list for PBXNativeTarget "PostcardTests" */ = {
			isa = XCConfigurationList;
			buildConfigurations = (
				11488B011A02D1BB00BBB1D6 /* Debug */,
				11488B021A02D1BB00BBB1D6 /* Release */,
			);
			defaultConfigurationIsVisible = 0;
		};
/* End XCConfigurationList section */
	};
	rootObject = 11488AD61A02D1BB00BBB1D6 /* Project object */;
}
